{
  "originHash" : "3a74c1055ef337e552e54e3de17f81cdde01f50a7aa2a5437df23dd876240897",
  "pins" : [
    {
      "identity" : "factory",
      "kind" : "remoteSourceControl",
      "location" : "https://github.com/hmlongco/Factory.git",
      "state" : {
        "revision" : "ccc898f21992ebc130bc04cc197460a5ae230bcf",
        "version" : "2.5.3"
      }
    },
    {
      "identity" : "navigationbackport",
      "kind" : "remoteSourceControl",
      "location" : "https://github.com/johnpatrickmorgan/NavigationBackport",
      "state" : {
        "revision" : "5baf99855f6a0a02022f9b479cc41ad99a8e070c",
        "version" : "0.11.5"
      }
    }
  ],
  "version" : 3
}
