// !$*UTF8*$!
{
	archiveVersion = 1;
	classes = {
	};
	objectVersion = 77;
	objects = {

/* Begin PBXBuildFile section */
		8AAA120B2E47EB97003170DE /* NavigationBackport in Frameworks */ = {isa = PBXBuildFile; productRef = 8AAA120A2E47EB97003170DE /* NavigationBackport */; };
		8AAA120E2E47F646003170DE /* Data in Frameworks */ = {isa = PBXBuildFile; productRef = 8AAA120D2E47F646003170DE /* Data */; };
		8AAA12102E47F649003170DE /* Domain in Frameworks */ = {isa = PBXBuildFile; productRef = 8AAA120F2E47F649003170DE /* Domain */; };
		8AAA12122E47F64E003170DE /* Presentaion in Frameworks */ = {isa = PBXBuildFile; productRef = 8AAA12112E47F64E003170DE /* Presentaion */; };
		8AAA12262E47F934003170DE /* Navigation in Frameworks */ = {isa = PBXBuildFile; productRef = 8AAA12252E47F934003170DE /* Navigation */; };
/* End PBXBuildFile section */

/* Begin PBXFileReference section */
		8A3460CB2DFEB1F900685532 /* Factor-Modularization-Issue.app */ = {isa = PBXFileReference; explicitFileType = wrapper.application; includeInIndex = 0; path = "Factor-Modularization-Issue.app"; sourceTree = BUILT_PRODUCTS_DIR; };
		8A3460DC2DFEB22100685532 /* Domain */ = {isa = PBXFileReference; lastKnownFileType = wrapper; name = Domain; path = ../Domain; sourceTree = SOURCE_ROOT; };
		8A3460DD2DFEB23700685532 /* Data */ = {isa = PBXFileReference; lastKnownFileType = wrapper; name = Data; path = ../Data; sourceTree = SOURCE_ROOT; };
		8A3460DE2DFEB26F00685532 /* Presentaion */ = {isa = PBXFileReference; lastKnownFileType = wrapper; name = Presentaion; path = ../Presentaion; sourceTree = SOURCE_ROOT; };
		8AAA121C2E47F7D3003170DE /* Navigation */ = {isa = PBXFileReference; lastKnownFileType = wrapper; name = Navigation; path = ../Navigation; sourceTree = SOURCE_ROOT; };
/* End PBXFileReference section */

/* Begin PBXFileSystemSynchronizedRootGroup section */
		8A3460CD2DFEB1F900685532 /* Factor-Modularization-Issue */ = {
			isa = PBXFileSystemSynchronizedRootGroup;
			path = "Factor-Modularization-Issue";
			sourceTree = "<group>";
		};
/* End PBXFileSystemSynchronizedRootGroup section */

/* Begin PBXFrameworksBuildPhase section */
		8A3460C82DFEB1F900685532 /* Frameworks */ = {
			isa = PBXFrameworksBuildPhase;
			buildActionMask = 2147483647;
			files = (
				8AAA12102E47F649003170DE /* Domain in Frameworks */,
				8AAA120E2E47F646003170DE /* Data in Frameworks */,
				8AAA120B2E47EB97003170DE /* NavigationBackport in Frameworks */,
				8AAA12122E47F64E003170DE /* Presentaion in Frameworks */,
				8AAA12262E47F934003170DE /* Navigation in Frameworks */,
			);
			runOnlyForDeploymentPostprocessing = 0;
		};
/* End PBXFrameworksBuildPhase section */

/* Begin PBXGroup section */
		8A3460C22DFEB1F900685532 = {
			isa = PBXGroup;
			children = (
				8AAA121C2E47F7D3003170DE /* Navigation */,
				8A3460DE2DFEB26F00685532 /* Presentaion */,
				8A3460DD2DFEB23700685532 /* Data */,
				8A3460DC2DFEB22100685532 /* Domain */,
				8A3460CD2DFEB1F900685532 /* Factor-Modularization-Issue */,
				8AAA120C2E47F646003170DE /* Frameworks */,
				8A3460CC2DFEB1F900685532 /* Products */,
			);
			sourceTree = "<group>";
		};
		8A3460CC2DFEB1F900685532 /* Products */ = {
			isa = PBXGroup;
			children = (
				8A3460CB2DFEB1F900685532 /* Factor-Modularization-Issue.app */,
			);
			name = Products;
			sourceTree = "<group>";
		};
		8AAA120C2E47F646003170DE /* Frameworks */ = {
			isa = PBXGroup;
			children = (
			);
			name = Frameworks;
			sourceTree = "<group>";
		};
/* End PBXGroup section */

/* Begin PBXNativeTarget section */
		8A3460CA2DFEB1F900685532 /* Factor-Modularization-Issue */ = {
			isa = PBXNativeTarget;
			buildConfigurationList = 8A3460D92DFEB1FB00685532 /* Build configuration list for PBXNativeTarget "Factor-Modularization-Issue" */;
			buildPhases = (
				8A3460C72DFEB1F900685532 /* Sources */,
				8A3460C82DFEB1F900685532 /* Frameworks */,
				8A3460C92DFEB1F900685532 /* Resources */,
			);
			buildRules = (
			);
			dependencies = (
			);
			fileSystemSynchronizedGroups = (
				8A3460CD2DFEB1F900685532 /* Factor-Modularization-Issue */,
			);
			name = "Factor-Modularization-Issue";
			packageProductDependencies = (
				8AAA120A2E47EB97003170DE /* NavigationBackport */,
				8AAA120D2E47F646003170DE /* Data */,
				8AAA120F2E47F649003170DE /* Domain */,
				8AAA12112E47F64E003170DE /* Presentaion */,
				8AAA12252E47F934003170DE /* Navigation */,
			);
			productName = "Factor-Modularization-Issue";
			productReference = 8A3460CB2DFEB1F900685532 /* Factor-Modularization-Issue.app */;
			productType = "com.apple.product-type.application";
		};
/* End PBXNativeTarget section */

/* Begin PBXProject section */
		8A3460C32DFEB1F900685532 /* Project object */ = {
			isa = PBXProject;
			attributes = {
				BuildIndependentTargetsInParallel = 1;
				LastSwiftUpdateCheck = 1620;
				LastUpgradeCheck = 1620;
				TargetAttributes = {
					8A3460CA2DFEB1F900685532 = {
						CreatedOnToolsVersion = 16.2;
					};
				};
			};
			buildConfigurationList = 8A3460C62DFEB1F900685532 /* Build configuration list for PBXProject "Factor-Modularization-Issue" */;
			developmentRegion = en;
			hasScannedForEncodings = 0;
			knownRegions = (
				en,
				Base,
			);
			mainGroup = 8A3460C22DFEB1F900685532;
			minimizedProjectReferenceProxies = 1;
			packageReferences = (
				8AAA12092E47EB97003170DE /* XCRemoteSwiftPackageReference "NavigationBackport" */,
			);
			preferredProjectObjectVersion = 77;
			productRefGroup = 8A3460CC2DFEB1F900685532 /* Products */;
			projectDirPath = "";
			projectRoot = "";
			targets = (
				8A3460CA2DFEB1F900685532 /* Factor-Modularization-Issue */,
			);
		};
/* End PBXProject section */

/* Begin PBXResourcesBuildPhase section */
		8A3460C92DFEB1F900685532 /* Resources */ = {
			isa = PBXResourcesBuildPhase;
			buildActionMask = 2147483647;
			files = (
			);
			runOnlyForDeploymentPostprocessing = 0;
		};
/* End PBXResourcesBuildPhase section */

/* Begin PBXSourcesBuildPhase section */
		8A3460C72DFEB1F900685532 /* Sources */ = {
			isa = PBXSourcesBuildPhase;
			buildActionMask = 2147483647;
			files = (
			);
			runOnlyForDeploymentPostprocessing = 0;
		};
/* End PBXSourcesBuildPhase section */

/* Begin XCBuildConfiguration section */
		8A3460D72DFEB1FB00685532 /* Debug */ = {
			isa = XCBuildConfiguration;
			buildSettings = {
				ALWAYS_SEARCH_USER_PATHS = NO;
				ASSETCATALOG_COMPILER_GENERATE_SWIFT_ASSET_SYMBOL_EXTENSIONS = YES;
				CLANG_ANALYZER_NONNULL = YES;
				CLANG_ANALYZER_NUMBER_OBJECT_CONVERSION = YES_AGGRESSIVE;
				CLANG_CXX_LANGUAGE_STANDARD = "gnu++20";
				CLANG_ENABLE_MODULES = YES;
				CLANG_ENABLE_OBJC_ARC = YES;
				CLANG_ENABLE_OBJC_WEAK = YES;
				CLANG_WARN_BLOCK_CAPTURE_AUTORELEASING = YES;
				CLANG_WARN_BOOL_CONVERSION = YES;
				CLANG_WARN_COMMA = YES;
				CLANG_WARN_CONSTANT_CONVERSION = YES;
				CLANG_WARN_DEPRECATED_OBJC_IMPLEMENTATIONS = YES;
				CLANG_WARN_DIRECT_OBJC_ISA_USAGE = YES_ERROR;
				CLANG_WARN_DOCUMENTATION_COMMENTS = YES;
				CLANG_WARN_EMPTY_BODY = YES;
				CLANG_WARN_ENUM_CONVERSION = YES;
				CLANG_WARN_INFINITE_RECURSION = YES;
				CLANG_WARN_INT_CONVERSION = YES;
				CLANG_WARN_NON_LITERAL_NULL_CONVERSION = YES;
				CLANG_WARN_OBJC_IMPLICIT_RETAIN_SELF = YES;
				CLANG_WARN_OBJC_LITERAL_CONVERSION = YES;
				CLANG_WARN_OBJC_ROOT_CLASS = YES_ERROR;
				CLANG_WARN_QUOTED_INCLUDE_IN_FRAMEWORK_HEADER = YES;
				CLANG_WARN_RANGE_LOOP_ANALYSIS = YES;
				CLANG_WARN_STRICT_PROTOTYPES = YES;
				CLANG_WARN_SUSPICIOUS_MOVE = YES;
				CLANG_WARN_UNGUARDED_AVAILABILITY = YES_AGGRESSIVE;
				CLANG_WARN_UNREACHABLE_CODE = YES;
				CLANG_WARN__DUPLICATE_METHOD_MATCH = YES;
				COPY_PHASE_STRIP = NO;
				DEBUG_INFORMATION_FORMAT = dwarf;
				ENABLE_STRICT_OBJC_MSGSEND = YES;
				ENABLE_TESTABILITY = YES;
				ENABLE_USER_SCRIPT_SANDBOXING = YES;
				GCC_C_LANGUAGE_STANDARD = gnu17;
				GCC_DYNAMIC_NO_PIC = NO;
				GCC_NO_COMMON_BLOCKS = YES;
				GCC_OPTIMIZATION_LEVEL = 0;
				GCC_PREPROCESSOR_DEFINITIONS = (
					"DEBUG=1",
					"$(inherited)",
				);
				GCC_WARN_64_TO_32_BIT_CONVERSION = YES;
				GCC_WARN_ABOUT_RETURN_TYPE = YES_ERROR;
				GCC_WARN_UNDECLARED_SELECTOR = YES;
				GCC_WARN_UNINITIALIZED_AUTOS = YES_AGGRESSIVE;
				GCC_WARN_UNUSED_FUNCTION = YES;
				GCC_WARN_UNUSED_VARIABLE = YES;
				IPHONEOS_DEPLOYMENT_TARGET = 18.2;
				LOCALIZATION_PREFERS_STRING_CATALOGS = YES;
				MTL_ENABLE_DEBUG_INFO = INCLUDE_SOURCE;
				MTL_FAST_MATH = YES;
				ONLY_ACTIVE_ARCH = YES;
				SDKROOT = iphoneos;
				SWIFT_ACTIVE_COMPILATION_CONDITIONS = "DEBUG $(inherited)";
				SWIFT_OPTIMIZATION_LEVEL = "-Onone";
			};
			name = Debug;
		};
		8A3460D82DFEB1FB00685532 /* Release */ = {
			isa = XCBuildConfiguration;
			buildSettings = {
				ALWAYS_SEARCH_USER_PATHS = NO;
				ASSETCATALOG_COMPILER_GENERATE_SWIFT_ASSET_SYMBOL_EXTENSIONS = YES;
				CLANG_ANALYZER_NONNULL = YES;
				CLANG_ANALYZER_NUMBER_OBJECT_CONVERSION = YES_AGGRESSIVE;
				CLANG_CXX_LANGUAGE_STANDARD = "gnu++20";
				CLANG_ENABLE_MODULES = YES;
				CLANG_ENABLE_OBJC_ARC = YES;
				CLANG_ENABLE_OBJC_WEAK = YES;
				CLANG_WARN_BLOCK_CAPTURE_AUTORELEASING = YES;
				CLANG_WARN_BOOL_CONVERSION = YES;
				CLANG_WARN_COMMA = YES;
				CLANG_WARN_CONSTANT_CONVERSION = YES;
				CLANG_WARN_DEPRECATED_OBJC_IMPLEMENTATIONS = YES;
				CLANG_WARN_DIRECT_OBJC_ISA_USAGE = YES_ERROR;
				CLANG_WARN_DOCUMENTATION_COMMENTS = YES;
				CLANG_WARN_EMPTY_BODY = YES;
				CLANG_WARN_ENUM_CONVERSION = YES;
				CLANG_WARN_INFINITE_RECURSION = YES;
				CLANG_WARN_INT_CONVERSION = YES;
				CLANG_WARN_NON_LITERAL_NULL_CONVERSION = YES;
				CLANG_WARN_OBJC_IMPLICIT_RETAIN_SELF = YES;
				CLANG_WARN_OBJC_LITERAL_CONVERSION = YES;
				CLANG_WARN_OBJC_ROOT_CLASS = YES_ERROR;
				CLANG_WARN_QUOTED_INCLUDE_IN_FRAMEWORK_HEADER = YES;
				CLANG_WARN_RANGE_LOOP_ANALYSIS = YES;
				CLANG_WARN_STRICT_PROTOTYPES = YES;
				CLANG_WARN_SUSPICIOUS_MOVE = YES;
				CLANG_WARN_UNGUARDED_AVAILABILITY = YES_AGGRESSIVE;
				CLANG_WARN_UNREACHABLE_CODE = YES;
				CLANG_WARN__DUPLICATE_METHOD_MATCH = YES;
				COPY_PHASE_STRIP = NO;
				DEBUG_INFORMATION_FORMAT = "dwarf-with-dsym";
				ENABLE_NS_ASSERTIONS = NO;
				ENABLE_STRICT_OBJC_MSGSEND = YES;
				ENABLE_USER_SCRIPT_SANDBOXING = YES;
				GCC_C_LANGUAGE_STANDARD = gnu17;
				GCC_NO_COMMON_BLOCKS = YES;
				GCC_WARN_64_TO_32_BIT_CONVERSION = YES;
				GCC_WARN_ABOUT_RETURN_TYPE = YES_ERROR;
				GCC_WARN_UNDECLARED_SELECTOR = YES;
				GCC_WARN_UNINITIALIZED_AUTOS = YES_AGGRESSIVE;
				GCC_WARN_UNUSED_FUNCTION = YES;
				GCC_WARN_UNUSED_VARIABLE = YES;
				IPHONEOS_DEPLOYMENT_TARGET = 18.2;
				LOCALIZATION_PREFERS_STRING_CATALOGS = YES;
				MTL_ENABLE_DEBUG_INFO = NO;
				MTL_FAST_MATH = YES;
				SDKROOT = iphoneos;
				SWIFT_COMPILATION_MODE = wholemodule;
				VALIDATE_PRODUCT = YES;
			};
			name = Release;
		};
		8A3460DA2DFEB1FB00685532 /* Debug */ = {
			isa = XCBuildConfiguration;
			buildSettings = {
				ASSETCATALOG_COMPILER_APPICON_NAME = AppIcon;
				ASSETCATALOG_COMPILER_GLOBAL_ACCENT_COLOR_NAME = AccentColor;
				CODE_SIGN_STYLE = Automatic;
				CURRENT_PROJECT_VERSION = 1;
				DEVELOPMENT_ASSET_PATHS = "\"Factor-Modularization-Issue/Preview Content\"";
				DEVELOPMENT_TEAM = 2G6563F26V;
				ENABLE_PREVIEWS = YES;
				GENERATE_INFOPLIST_FILE = YES;
				INFOPLIST_KEY_NSContactsUsageDescription = "This app needs access to your contacts to display them in a list.";
				INFOPLIST_KEY_UIApplicationSceneManifest_Generation = YES;
				INFOPLIST_KEY_UIApplicationSupportsIndirectInputEvents = YES;
				INFOPLIST_KEY_UILaunchScreen_Generation = YES;
				INFOPLIST_KEY_UISupportedInterfaceOrientations_iPad = "UIInterfaceOrientationPortrait UIInterfaceOrientationPortraitUpsideDown UIInterfaceOrientationLandscapeLeft UIInterfaceOrientationLandscapeRight";
				INFOPLIST_KEY_UISupportedInterfaceOrientations_iPhone = "UIInterfaceOrientationPortrait UIInterfaceOrientationLandscapeLeft UIInterfaceOrientationLandscapeRight";
				IPHONEOS_DEPLOYMENT_TARGET = 15.0;
				LD_RUNPATH_SEARCH_PATHS = (
					"$(inherited)",
					"@executable_path/Frameworks",
				);
				MARKETING_VERSION = 1.0;
				PRODUCT_BUNDLE_IDENTIFIER = "com.Salah.Factor-Modularization-Issue";
				PRODUCT_NAME = "$(TARGET_NAME)";
				SWIFT_EMIT_LOC_STRINGS = YES;
				SWIFT_VERSION = 5.0;
				TARGETED_DEVICE_FAMILY = "1,2";
			};
			name = Debug;
		};
		8A3460DB2DFEB1FB00685532 /* Release */ = {
			isa = XCBuildConfiguration;
			buildSettings = {
				ASSETCATALOG_COMPILER_APPICON_NAME = AppIcon;
				ASSETCATALOG_COMPILER_GLOBAL_ACCENT_COLOR_NAME = AccentColor;
				CODE_SIGN_STYLE = Automatic;
				CURRENT_PROJECT_VERSION = 1;
				DEVELOPMENT_ASSET_PATHS = "\"Factor-Modularization-Issue/Preview Content\"";
				DEVELOPMENT_TEAM = 2G6563F26V;
				ENABLE_PREVIEWS = YES;
				GENERATE_INFOPLIST_FILE = YES;
				INFOPLIST_KEY_NSContactsUsageDescription = "This app needs access to your contacts to display them in a list.";
				INFOPLIST_KEY_UIApplicationSceneManifest_Generation = YES;
				INFOPLIST_KEY_UIApplicationSupportsIndirectInputEvents = YES;
				INFOPLIST_KEY_UILaunchScreen_Generation = YES;
				INFOPLIST_KEY_UISupportedInterfaceOrientations_iPad = "UIInterfaceOrientationPortrait UIInterfaceOrientationPortraitUpsideDown UIInterfaceOrientationLandscapeLeft UIInterfaceOrientationLandscapeRight";
				INFOPLIST_KEY_UISupportedInterfaceOrientations_iPhone = "UIInterfaceOrientationPortrait UIInterfaceOrientationLandscapeLeft UIInterfaceOrientationLandscapeRight";
				IPHONEOS_DEPLOYMENT_TARGET = 15.0;
				LD_RUNPATH_SEARCH_PATHS = (
					"$(inherited)",
					"@executable_path/Frameworks",
				);
				MARKETING_VERSION = 1.0;
				PRODUCT_BUNDLE_IDENTIFIER = "com.Salah.Factor-Modularization-Issue";
				PRODUCT_NAME = "$(TARGET_NAME)";
				SWIFT_EMIT_LOC_STRINGS = YES;
				SWIFT_VERSION = 5.0;
				TARGETED_DEVICE_FAMILY = "1,2";
			};
			name = Release;
		};
/* End XCBuildConfiguration section */

/* Begin XCConfigurationList section */
		8A3460C62DFEB1F900685532 /* Build configuration list for PBXProject "Factor-Modularization-Issue" */ = {
			isa = XCConfigurationList;
			buildConfigurations = (
				8A3460D72DFEB1FB00685532 /* Debug */,
				8A3460D82DFEB1FB00685532 /* Release */,
			);
			defaultConfigurationIsVisible = 0;
			defaultConfigurationName = Release;
		};
		8A3460D92DFEB1FB00685532 /* Build configuration list for PBXNativeTarget "Factor-Modularization-Issue" */ = {
			isa = XCConfigurationList;
			buildConfigurations = (
				8A3460DA2DFEB1FB00685532 /* Debug */,
				8A3460DB2DFEB1FB00685532 /* Release */,
			);
			defaultConfigurationIsVisible = 0;
			defaultConfigurationName = Release;
		};
/* End XCConfigurationList section */

/* Begin XCRemoteSwiftPackageReference section */
		8AAA12092E47EB97003170DE /* XCRemoteSwiftPackageReference "NavigationBackport" */ = {
			isa = XCRemoteSwiftPackageReference;
			repositoryURL = "https://github.com/johnpatrickmorgan/NavigationBackport";
			requirement = {
				kind = exactVersion;
				version = 0.11.3;
			};
		};
/* End XCRemoteSwiftPackageReference section */

/* Begin XCSwiftPackageProductDependency section */
		8AAA120A2E47EB97003170DE /* NavigationBackport */ = {
			isa = XCSwiftPackageProductDependency;
			package = 8AAA12092E47EB97003170DE /* XCRemoteSwiftPackageReference "NavigationBackport" */;
			productName = NavigationBackport;
		};
		8AAA120D2E47F646003170DE /* Data */ = {
			isa = XCSwiftPackageProductDependency;
			productName = Data;
		};
		8AAA120F2E47F649003170DE /* Domain */ = {
			isa = XCSwiftPackageProductDependency;
			productName = Domain;
		};
		8AAA12112E47F64E003170DE /* Presentaion */ = {
			isa = XCSwiftPackageProductDependency;
			productName = Presentaion;
		};
		8AAA12252E47F934003170DE /* Navigation */ = {
			isa = XCSwiftPackageProductDependency;
			productName = Navigation;
		};
/* End XCSwiftPackageProductDependency section */
	};
	rootObject = 8A3460C32DFEB1F900685532 /* Project object */;
}
